// !$*UTF8*$!
{
	archiveVersion = 1;
	classes = {};
	objectVersion = 77;
	objects = {

/* Begin PBXFileReference section */
		F10000000000000000000001 /* FlowGet.app */ = {isa = PBXFileReference; explicitFileType = wrapper.application; includeInIndex = 0; path = FlowGet.app; sourceTree = BUILT_PRODUCTS_DIR; };
		F10000000000000000000010 /* FlowGetTests.xctest */ = {isa = PBXFileReference; explicitFileType = wrapper.cfbundle; includeInIndex = 0; path = FlowGetTests.xctest; sourceTree = BUILT_PRODUCTS_DIR; };
/* End PBXFileReference section */

/* Begin PBXFileSystemSynchronizedRootGroup section */
		F10000000000000000000002 /* FlowGet */ = {isa = PBXFileSystemSynchronizedRootGroup; exceptions = (F1000000000000000000001B /* PBXFileSystemSynchronizedBuildFileExceptionSet */,); path = FlowGet; sourceTree = "<group>"; };
		F10000000000000000000011 /* FlowGetTests */ = {isa = PBXFileSystemSynchronizedRootGroup; path = FlowGetTests; sourceTree = "<group>"; };
/* End PBXFileSystemSynchronizedRootGroup section */

/* Begin PBXFileSystemSynchronizedBuildFileExceptionSet section */
		F1000000000000000000001B /* PBXFileSystemSynchronizedBuildFileExceptionSet */ = {isa = PBXFileSystemSynchronizedBuildFileExceptionSet; membershipExceptions = ("Fonts/ProductSans-Bold.ttf", "Fonts/ProductSans-Italic.ttf", "Fonts/ProductSans-Regular.ttf",); target = F10000000000000000000006 /* FlowGet */; };
/* End PBXFileSystemSynchronizedBuildFileExceptionSet section */

/* Begin PBXFrameworksBuildPhase section */
		F10000000000000000000003 /* Frameworks */ = {isa = PBXFrameworksBuildPhase; buildActionMask = 2147483647; files = (); runOnlyForDeploymentPostprocessing = 0; };
		F10000000000000000000012 /* Frameworks */ = {isa = PBXFrameworksBuildPhase; buildActionMask = 2147483647; files = (); runOnlyForDeploymentPostprocessing = 0; };
/* End PBXFrameworksBuildPhase section */

/* Begin PBXContainerItemProxy section */
		F1000000000000000000001A /* PBXContainerItemProxy */ = {isa = PBXContainerItemProxy; containerPortal = F1000000000000000000000A /* Project object */; proxyType = 1; remoteGlobalIDString = F10000000000000000000006; remoteInfo = FlowGet; };
/* End PBXContainerItemProxy section */

/* Begin PBXGroup section */
		F10000000000000000000004 = {isa = PBXGroup; children = (F10000000000000000000002 /* FlowGet */, F10000000000000000000011 /* FlowGetTests */, F10000000000000000000005 /* Products */,); sourceTree = "<group>"; };
		F10000000000000000000005 /* Products */ = {isa = PBXGroup; children = (F10000000000000000000001 /* FlowGet.app */, F10000000000000000000010 /* FlowGetTests.xctest */,); name = Products; sourceTree = "<group>"; };
/* End PBXGroup section */

/* Begin PBXNativeTarget section */
		F10000000000000000000006 /* FlowGet */ = {
			isa = PBXNativeTarget;
			buildConfigurationList = F10000000000000000000007 /* Build configuration list for PBXNativeTarget "FlowGet" */;
			buildPhases = (F10000000000000000000008 /* Sources */, F10000000000000000000003 /* Frameworks */, F10000000000000000000009 /* Resources */,);
			buildRules = ();
			dependencies = ();
			fileSystemSynchronizedGroups = (F10000000000000000000002 /* FlowGet */,);
			name = FlowGet;
			packageProductDependencies = ();
			productName = FlowGet;
			productReference = F10000000000000000000001 /* FlowGet.app */;
			productType = "com.apple.product-type.application";
		};
		F10000000000000000000015 /* FlowGetTests */ = {
			isa = PBXNativeTarget;
			buildConfigurationList = F10000000000000000000016 /* Build configuration list for PBXNativeTarget "FlowGetTests" */;
			buildPhases = (F10000000000000000000013 /* Sources */, F10000000000000000000012 /* Frameworks */, F10000000000000000000014 /* Resources */,);
			buildRules = ();
			dependencies = (F10000000000000000000019 /* PBXTargetDependency */,);
			fileSystemSynchronizedGroups = (F10000000000000000000011 /* FlowGetTests */,);
			name = FlowGetTests;
			packageProductDependencies = ();
			productName = FlowGetTests;
			productReference = F10000000000000000000010 /* FlowGetTests.xctest */;
			productType = "com.apple.product-type.bundle.unit-test";
		};
/* End PBXNativeTarget section */

/* Begin PBXProject section */
		F1000000000000000000000A /* Project object */ = {
			isa = PBXProject;
			attributes = {BuildIndependentTargetsInParallel = 1; LastSwiftUpdateCheck = 1600; LastUpgradeCheck = 1600; TargetAttributes = {F10000000000000000000006 = {CreatedOnToolsVersion = 16.0;}; F10000000000000000000015 = {CreatedOnToolsVersion = 16.0; TestTargetID = F10000000000000000000006;};};};
			buildConfigurationList = F1000000000000000000000B /* Build configuration list for PBXProject "FlowGet" */;
			developmentRegion = en;
			hasScannedForEncodings = 0;
			knownRegions = (en, Base,);
			mainGroup = F10000000000000000000004;
			minimizedProjectReferenceProxies = 1;
			preferredProjectObjectVersion = 77;
			productRefGroup = F10000000000000000000005 /* Products */;
			projectDirPath = "";
			projectRoot = "";
			targets = (F10000000000000000000006 /* FlowGet */, F10000000000000000000015 /* FlowGetTests */,);
		};
/* End PBXProject section */

/* Begin PBXResourcesBuildPhase section */
		F10000000000000000000009 /* Resources */ = {isa = PBXResourcesBuildPhase; buildActionMask = 2147483647; files = (); runOnlyForDeploymentPostprocessing = 0; };
		F10000000000000000000014 /* Resources */ = {isa = PBXResourcesBuildPhase; buildActionMask = 2147483647; files = (); runOnlyForDeploymentPostprocessing = 0; };
/* End PBXResourcesBuildPhase section */

/* Begin PBXSourcesBuildPhase section */
		F10000000000000000000008 /* Sources */ = {isa = PBXSourcesBuildPhase; buildActionMask = 2147483647; files = (); runOnlyForDeploymentPostprocessing = 0; };
		F10000000000000000000013 /* Sources */ = {isa = PBXSourcesBuildPhase; buildActionMask = 2147483647; files = (); runOnlyForDeploymentPostprocessing = 0; };
/* End PBXSourcesBuildPhase section */

/* Begin PBXTargetDependency section */
		F10000000000000000000019 /* PBXTargetDependency */ = {isa = PBXTargetDependency; target = F10000000000000000000006 /* FlowGet */; targetProxy = F1000000000000000000001A /* PBXContainerItemProxy */; };
/* End PBXTargetDependency section */

/* Begin XCBuildConfiguration section */
		F1000000000000000000000C /* Debug */ = {isa = XCBuildConfiguration; buildSettings = {ALWAYS_SEARCH_USER_PATHS = NO; CLANG_ANALYZER_NONNULL = YES; CLANG_ENABLE_MODULES = YES; CLANG_ENABLE_OBJC_ARC = YES; CLANG_WARN_BOOL_CONVERSION = YES; CLANG_WARN_COMMA = YES; CLANG_WARN_CONSTANT_CONVERSION = YES; CLANG_WARN_DEPRECATED_OBJC_IMPLEMENTATIONS = YES; CLANG_WARN_DIRECT_OBJC_ISA_USAGE = YES_ERROR; CLANG_WARN_EMPTY_BODY = YES; CLANG_WARN_ENUM_CONVERSION = YES; CLANG_WARN_INFINITE_RECURSION = YES; CLANG_WARN_INT_CONVERSION = YES; CLANG_WARN_NON_LITERAL_NULL_CONVERSION = YES; CLANG_WARN_OBJC_IMPLICIT_RETAIN_SELF = YES; CLANG_WARN_OBJC_LITERAL_CONVERSION = YES; CLANG_WARN_RANGE_LOOP_ANALYSIS = YES; CLANG_WARN_STRICT_PROTOTYPES = YES; CLANG_WARN_SUSPICIOUS_MOVE = YES; CLANG_WARN_UNREACHABLE_CODE = YES; COPY_PHASE_STRIP = NO; DEBUG_INFORMATION_FORMAT = dwarf; ENABLE_TESTABILITY = YES; ENABLE_USER_SCRIPT_SANDBOXING = YES; GCC_C_LANGUAGE_STANDARD = gnu17; GCC_DYNAMIC_NO_PIC = NO; GCC_NO_COMMON_BLOCKS = YES; GCC_OPTIMIZATION_LEVEL = 0; GCC_PREPROCESSOR_DEFINITIONS = ("DEBUG=1", "$(inherited)",); GCC_WARN_64_TO_32_BIT_CONVERSION = YES; GCC_WARN_ABOUT_RETURN_TYPE = YES_ERROR; GCC_WARN_UNDECLARED_SELECTOR = YES; GCC_WARN_UNINITIALIZED_AUTOS = YES_AGGRESSIVE; GCC_WARN_UNUSED_FUNCTION = YES; GCC_WARN_UNUSED_VARIABLE = YES; IPHONEOS_DEPLOYMENT_TARGET = 17.0; MTL_ENABLE_DEBUG_INFO = INCLUDE_SOURCE; MTL_FAST_MATH = YES; ONLY_ACTIVE_ARCH = YES; SDKROOT = iphoneos; SWIFT_ACTIVE_COMPILATION_CONDITIONS = "DEBUG $(inherited)"; SWIFT_OPTIMIZATION_LEVEL = "-Onone"; }; name = Debug; };
		F1000000000000000000000D /* Release */ = {isa = XCBuildConfiguration; buildSettings = {ALWAYS_SEARCH_USER_PATHS = NO; CLANG_ANALYZER_NONNULL = YES; CLANG_ENABLE_MODULES = YES; CLANG_ENABLE_OBJC_ARC = YES; CLANG_WARN_BOOL_CONVERSION = YES; CLANG_WARN_COMMA = YES; CLANG_WARN_CONSTANT_CONVERSION = YES; CLANG_WARN_DEPRECATED_OBJC_IMPLEMENTATIONS = YES; CLANG_WARN_DIRECT_OBJC_ISA_USAGE = YES_ERROR; CLANG_WARN_EMPTY_BODY = YES; CLANG_WARN_ENUM_CONVERSION = YES; CLANG_WARN_INFINITE_RECURSION = YES; CLANG_WARN_INT_CONVERSION = YES; CLANG_WARN_NON_LITERAL_NULL_CONVERSION = YES; CLANG_WARN_OBJC_IMPLICIT_RETAIN_SELF = YES; CLANG_WARN_OBJC_LITERAL_CONVERSION = YES; CLANG_WARN_RANGE_LOOP_ANALYSIS = YES; CLANG_WARN_STRICT_PROTOTYPES = YES; CLANG_WARN_SUSPICIOUS_MOVE = YES; CLANG_WARN_UNREACHABLE_CODE = YES; COPY_PHASE_STRIP = NO; DEBUG_INFORMATION_FORMAT = "dwarf-with-dsym"; ENABLE_NS_ASSERTIONS = NO; ENABLE_USER_SCRIPT_SANDBOXING = YES; GCC_C_LANGUAGE_STANDARD = gnu17; GCC_NO_COMMON_BLOCKS = YES; GCC_WARN_64_TO_32_BIT_CONVERSION = YES; GCC_WARN_ABOUT_RETURN_TYPE = YES_ERROR; GCC_WARN_UNDECLARED_SELECTOR = YES; GCC_WARN_UNINITIALIZED_AUTOS = YES_AGGRESSIVE; GCC_WARN_UNUSED_FUNCTION = YES; GCC_WARN_UNUSED_VARIABLE = YES; IPHONEOS_DEPLOYMENT_TARGET = 17.0; MTL_ENABLE_DEBUG_INFO = NO; MTL_FAST_MATH = YES; SDKROOT = iphoneos; SWIFT_COMPILATION_MODE = wholemodule; VALIDATE_PRODUCT = YES; }; name = Release; };
		F1000000000000000000000E /* Debug */ = {isa = XCBuildConfiguration; buildSettings = {ASSETCATALOG_COMPILER_APPICON_NAME = AppIcon; ASSETCATALOG_COMPILER_GLOBAL_ACCENT_COLOR_NAME = AccentColor; CODE_SIGN_ENTITLEMENTS = FlowGet/FlowGet.entitlements; CODE_SIGN_STYLE = Automatic; CURRENT_PROJECT_VERSION = 1; DEVELOPMENT_TEAM = ""; ENABLE_PREVIEWS = YES; GENERATE_INFOPLIST_FILE = NO; INFOPLIST_FILE = Info.plist; INFOPLIST_KEY_UIApplicationSupportsIndirectInputEvents = YES; IPHONEOS_DEPLOYMENT_TARGET = 17.0; LD_RUNPATH_SEARCH_PATHS = ("$(inherited)", "@executable_path/Frameworks",); MARKETING_VERSION = 0.1.0; PRODUCT_BUNDLE_IDENTIFIER = com.flowget.ios; PRODUCT_NAME = "$(TARGET_NAME)"; SWIFT_EMIT_LOC_STRINGS = YES; SWIFT_STRICT_CONCURRENCY = minimal; SWIFT_VERSION = 5.0; TARGETED_DEVICE_FAMILY = 1; }; name = Debug; };
		F1000000000000000000000F /* Release */ = {isa = XCBuildConfiguration; buildSettings = {ASSETCATALOG_COMPILER_APPICON_NAME = AppIcon; ASSETCATALOG_COMPILER_GLOBAL_ACCENT_COLOR_NAME = AccentColor; CODE_SIGN_ENTITLEMENTS = FlowGet/FlowGet.entitlements; CODE_SIGN_STYLE = Automatic; CURRENT_PROJECT_VERSION = 1; DEVELOPMENT_TEAM = ""; ENABLE_PREVIEWS = YES; GENERATE_INFOPLIST_FILE = NO; INFOPLIST_FILE = Info.plist; INFOPLIST_KEY_UIApplicationSupportsIndirectInputEvents = YES; IPHONEOS_DEPLOYMENT_TARGET = 17.0; LD_RUNPATH_SEARCH_PATHS = ("$(inherited)", "@executable_path/Frameworks",); MARKETING_VERSION = 0.1.0; PRODUCT_BUNDLE_IDENTIFIER = com.flowget.ios; PRODUCT_NAME = "$(TARGET_NAME)"; SWIFT_EMIT_LOC_STRINGS = YES; SWIFT_STRICT_CONCURRENCY = minimal; SWIFT_VERSION = 5.0; TARGETED_DEVICE_FAMILY = 1; }; name = Release; };
		F10000000000000000000017 /* Debug */ = {isa = XCBuildConfiguration; buildSettings = {BUNDLE_LOADER = "$(TEST_HOST)"; CODE_SIGN_STYLE = Automatic; DEVELOPMENT_TEAM = ""; GENERATE_INFOPLIST_FILE = YES; IPHONEOS_DEPLOYMENT_TARGET = 17.0; LD_RUNPATH_SEARCH_PATHS = ("$(inherited)", "@executable_path/Frameworks", "@loader_path/Frameworks",); PRODUCT_BUNDLE_IDENTIFIER = com.flowget.ios.tests; PRODUCT_NAME = "$(TARGET_NAME)"; SWIFT_EMIT_LOC_STRINGS = NO; SWIFT_VERSION = 5.0; TARGETED_DEVICE_FAMILY = 1; TEST_HOST = "$(BUILT_PRODUCTS_DIR)/FlowGet.app/$(BUNDLE_EXECUTABLE_FOLDER_PATH)/FlowGet"; }; name = Debug; };
		F10000000000000000000018 /* Release */ = {isa = XCBuildConfiguration; buildSettings = {BUNDLE_LOADER = "$(TEST_HOST)"; CODE_SIGN_STYLE = Automatic; DEVELOPMENT_TEAM = ""; GENERATE_INFOPLIST_FILE = YES; IPHONEOS_DEPLOYMENT_TARGET = 17.0; LD_RUNPATH_SEARCH_PATHS = ("$(inherited)", "@executable_path/Frameworks", "@loader_path/Frameworks",); PRODUCT_BUNDLE_IDENTIFIER = com.flowget.ios.tests; PRODUCT_NAME = "$(TARGET_NAME)"; SWIFT_EMIT_LOC_STRINGS = NO; SWIFT_VERSION = 5.0; TARGETED_DEVICE_FAMILY = 1; TEST_HOST = "$(BUILT_PRODUCTS_DIR)/FlowGet.app/$(BUNDLE_EXECUTABLE_FOLDER_PATH)/FlowGet"; }; name = Release; };
/* End XCBuildConfiguration section */

/* Begin XCConfigurationList section */
		F10000000000000000000007 /* Build configuration list for PBXNativeTarget "FlowGet" */ = {isa = XCConfigurationList; buildConfigurations = (F1000000000000000000000E /* Debug */, F1000000000000000000000F /* Release */,); defaultConfigurationIsVisible = 0; defaultConfigurationName = Release; };
		F1000000000000000000000B /* Build configuration list for PBXProject "FlowGet" */ = {isa = XCConfigurationList; buildConfigurations = (F1000000000000000000000C /* Debug */, F1000000000000000000000D /* Release */,); defaultConfigurationIsVisible = 0; defaultConfigurationName = Release; };
		F10000000000000000000016 /* Build configuration list for PBXNativeTarget "FlowGetTests" */ = {isa = XCConfigurationList; buildConfigurations = (F10000000000000000000017 /* Debug */, F10000000000000000000018 /* Release */,); defaultConfigurationIsVisible = 0; defaultConfigurationName = Release; };
/* End XCConfigurationList section */
	};
	rootObject = F1000000000000000000000A /* Project object */;
}
